
Microsoft Visual Studio Solution File, Format Version 12.00
# Visual Studio Version 17
VisualStudioVersion = 17.2.32526.322
MinimumVisualStudioVersion = 10.0.40219.1
Project("{FAE04EC0-301F-11D3-BF4B-00C04F79EFBC}") = "dotnetapp", "dotnetapp\dotnetapp.csproj", "{7581A70D-9DF5-4246-9F10-103D355BD4E4}"
EndProject
Global
	GlobalSection(SolutionConfigurationPlatforms) = preSolution
		Debug|Any CPU = Debug|Any CPU
		Release|Any CPU = Release|Any CPU
	EndGlobalSection
	GlobalSection(ProjectConfigurationPlatforms) = postSolution
		{7581A70D-9DF5-4246-9F10-103D355BD4E4}.Debug|Any CPU.ActiveCfg = Debug|Any CPU
		{7581A70D-9DF5-4246-9F10-103D355BD4E4}.Debug|Any CPU.Build.0 = Debug|Any CPU
		{7581A70D-9DF5-4246-9F10-103D355BD4E4}.Release|Any CPU.ActiveCfg = Release|Any CPU
		{7581A70D-9DF5-4246-9F10-103D355BD4E4}.Release|Any CPU.Build.0 = Release|Any CPU
	EndGlobalSection
	GlobalSection(SolutionProperties) = preSolution
		HideSolutionNode = FALSE
	EndGlobalSection
	GlobalSection(ExtensibilityGlobals) = postSolution
		SolutionGuid = {4CFAAC4D-44E3-4630-A0EC-78EFD3F7E320}
	EndGlobalSection
EndGlobal
